# This file was autogenerated by Stack.
# You should not edit this file by hand.
# For more information, please see the documentation at:
#   https://docs.haskellstack.org/en/stable/lock_files

packages:
- completed:
    hackage: wai-middleware-content-type-0.7.0@sha256:67b9926c85f4d2a54a247cec44a4f4bea3f9f760a36ca60f8bcac496bd331b12,3113
    pantry-tree:
      sha256: e681598399c53ae0828dadf3399d5067a521432af43c1844262037fa7644e024
      size: 1322
  original:
    hackage: wai-middleware-content-type-0.7.0
- completed:
    hackage: wai-middleware-verbs-0.4.0.1@sha256:dfe39d4a6fd082c53c97e5fba191868f8fd06aee0babc69c1d07819d718e36ab,1455
    pantry-tree:
      sha256: 9c3333c23c6f7660de4d81b5a5dfdaa6859aedf9dc4069872f349a604319e5b7
      size: 288
  original:
    hackage: wai-middleware-verbs-0.4.0.1
- completed:
    hackage: pred-set-0.0.1@sha256:8b445d11aa46194f09adf0c91a9133280587e390a57dd7fe6fef909e33a07ace,788
    pantry-tree:
      sha256: 5b8b98909bff1abfeff90a1e954bf2b218612fd2afa7087d5284745e0fc9099b
      size: 219
  original:
    hackage: pred-set-0.0.1
- completed:
    hackage: HSet-0.0.2@sha256:24f5ce6e45501634d24378f8e358f80dcd5a8e21ce6634e4da610648d85b1e0f,830
    pantry-tree:
      sha256: 95efca7afaa59941e8ff4d33059e231008a71d4aa4b05fadbdcb8f41e82d71e1
      size: 274
  original:
    hackage: HSet-0.0.2
- completed:
    hackage: rose-trees-0.0.4.4@sha256:602b2ed25f1408605132ab00295539bfe93d47ebd1e594e4c44f7389d53dcd74,3392
    pantry-tree:
      sha256: e9d0d6dc33b07a6ec2d495b3b05d2fbb5e41fb9514a5a4b42049fbfff51ffb14
      size: 974
  original:
    hackage: rose-trees-0.0.4.4
- completed:
    hackage: wai-transformers-0.1.0@sha256:82b47d17865904e436b71d497b6b71644ec5ed4169174ff488d1aeeeade31334,1253
    pantry-tree:
      sha256: 95718554d90b90bf5744d0d80affa8f4be66cc3ea813422efcd9c742e991227e
      size: 346
  original:
    hackage: wai-transformers-0.1.0
- completed:
    hackage: urlpath-11.0.0@sha256:dae225c222714c42afffa61bdf9ea5e10b617692bf81b9788d7cb40f35dc1ad2,1353
    pantry-tree:
      sha256: 0c089ac3801dabe095610f181bdf5f48d8185b67c11a35fa0c21a9895d5e74e1
      size: 254
  original:
    hackage: urlpath-11.0.0
- completed:
    hackage: path-extra-0.3.0@sha256:cafa9ff476edfe1ac005f7400de7c2640d5b07aaab89c3a2bbae42d12878f299,1545
    pantry-tree:
      sha256: 2fac399427c19a8cea6d08ea570b63fc2a660a57289e1a2489b15580f555353b
      size: 317
  original:
    hackage: path-extra-0.3.0
- completed:
    hackage: clay-0.14.0@sha256:a50ba73137a39c55e89f24a7792107ec40ba07320b2c5ff7932049845c50ffc9,2204
    pantry-tree:
      sha256: 602a4a85e67324ad5117c88f73fdd449eedf57e57af292a361619e6144cf3d18
      size: 2256
  original:
    hackage: clay-0.14.0
- completed:
    hackage: attoparsec-uri-0.0.9@sha256:fde52f7bbac8d94d443a795395b6c9574226c8d6c66eda892c9ae212d01fa1d9,1741
    pantry-tree:
      sha256: 6e7392e27e245673314dee0e7aba2f7cdaa8acc19639365629abb2152ef63985
      size: 442
  original:
    hackage: attoparsec-uri-0.0.9
- completed:
    hackage: tries-0.0.6.1@sha256:ef04c155b7cae74f868dbd2fba67a3ebe990af6f751e8badf825cbec8351e1db,3105
    pantry-tree:
      sha256: 783cede5a2694305f5ebbf38d5f7dec33611e7e2374529e00796874acfcb55c9
      size: 920
  original:
    hackage: tries-0.0.6.1
- completed:
    hackage: pred-trie-0.6.1@sha256:0676410199bcd5f9a55ee95ca325510254ac962e4c5a80682a7ff6a6f62a7647,2556
    pantry-tree:
      sha256: e0177df555cfa7793347026f4bd0fee2d5e221c41477d8b61b3bc79d37ba1aa3
      size: 724
  original:
    hackage: pred-trie-0.6.1
- completed:
    hackage: monad-control-aligned-0.0.2@sha256:463cb1b6225fb0add887fd16d42be3e7857ab46b8d6e50d4e018335127759d4c,2409
    pantry-tree:
      sha256: 385d60a80eca8aec5442f6a440436ff5633641b1be20c61543df7d9d7acb95fb
      size: 308
  original:
    hackage: monad-control-aligned-0.0.2
snapshots:
- completed:
    sha256: 9313df78f49519315342f4c51ffc5da12659d3735f8ac3c54a1fb98ff874474e
    size: 640036
    url: https://raw.githubusercontent.com/commercialhaskell/stackage-snapshots/master/lts/21/12.yaml
  original: lts-21.12
